
Microsoft Visual Studio Solution File, Format Version 12.00
# Visual Studio Version 17
VisualStudioVersion = 17.9.34728.123
MinimumVisualStudioVersion = 10.0.40219.1
Project("{FAE04EC0-301F-11D3-BF4B-00C04F79EFBC}") = "LearnDapper", "LearnDapper\LearnDapper.csproj", "{45ABD4D2-9731-4557-A0DA-A3799E131BD3}"
EndProject
Global
	GlobalSection(SolutionConfigurationPlatforms) = preSolution
		Debug|Any CPU = Debug|Any CPU
		Release|Any CPU = Release|Any CPU
	EndGlobalSection
	GlobalSection(ProjectConfigurationPlatforms) = postSolution
		{45ABD4D2-9731-4557-A0DA-A3799E131BD3}.Debug|Any CPU.ActiveCfg = Debug|Any CPU
		{45ABD4D2-9731-4557-A0DA-A3799E131BD3}.Debug|Any CPU.Build.0 = Debug|Any CPU
		{45ABD4D2-9731-4557-A0DA-A3799E131BD3}.Release|Any CPU.ActiveCfg = Release|Any CPU
		{45ABD4D2-9731-4557-A0DA-A3799E131BD3}.Release|Any CPU.Build.0 = Release|Any CPU
	EndGlobalSection
	GlobalSection(SolutionProperties) = preSolution
		HideSolutionNode = FALSE
	EndGlobalSection
	GlobalSection(ExtensibilityGlobals) = postSolution
		SolutionGuid = {517AC13B-A12D-4DCE-80D6-7B550B3C5C5E}
	EndGlobalSection
EndGlobal
